
Microsoft Visual Studio Solution File, Format Version 12.00
# Visual Studio Version 17
VisualStudioVersion = 17.14.36518.9 d17.14
MinimumVisualStudioVersion = 10.0.40219.1
Project("{FAE04EC0-301F-11D3-BF4B-00C04F79EFBC}") = "$api#", "$api#\$api#.csproj", "{D8760298-00D0-45C3-9848-65AAA2ED9CE5}"
EndProject
Project("{FAE04EC0-301F-11D3-BF4B-00C04F79EFBC}") = "$logic#", "$logic#\$logic#.csproj", "{047E7C43-F9D2-4CEB-910E-28F17BB29E40}"
EndProject
Project("{FAE04EC0-301F-11D3-BF4B-00C04F79EFBC}") = "$dataAccess#", "$dataAccess#\$dataAccess#.csproj", "{7EB10158-5E1A-46BC-973E-7AB557BFCE45}"
EndProject
Global
	GlobalSection(SolutionConfigurationPlatforms) = preSolution
		Debug|Any CPU = Debug|Any CPU
		Release|Any CPU = Release|Any CPU
	EndGlobalSection
	GlobalSection(ProjectConfigurationPlatforms) = postSolution
		{D8760298-00D0-45C3-9848-65AAA2ED9CE5}.Debug|Any CPU.ActiveCfg = Debug|Any CPU
		{D8760298-00D0-45C3-9848-65AAA2ED9CE5}.Debug|Any CPU.Build.0 = Debug|Any CPU
		{D8760298-00D0-45C3-9848-65AAA2ED9CE5}.Release|Any CPU.ActiveCfg = Release|Any CPU
		{D8760298-00D0-45C3-9848-65AAA2ED9CE5}.Release|Any CPU.Build.0 = Release|Any CPU
		{047E7C43-F9D2-4CEB-910E-28F17BB29E40}.Debug|Any CPU.ActiveCfg = Debug|Any CPU
		{047E7C43-F9D2-4CEB-910E-28F17BB29E40}.Debug|Any CPU.Build.0 = Debug|Any CPU
		{047E7C43-F9D2-4CEB-910E-28F17BB29E40}.Release|Any CPU.ActiveCfg = Release|Any CPU
		{047E7C43-F9D2-4CEB-910E-28F17BB29E40}.Release|Any CPU.Build.0 = Release|Any CPU
		{7EB10158-5E1A-46BC-973E-7AB557BFCE45}.Debug|Any CPU.ActiveCfg = Debug|Any CPU
		{7EB10158-5E1A-46BC-973E-7AB557BFCE45}.Debug|Any CPU.Build.0 = Debug|Any CPU
		{7EB10158-5E1A-46BC-973E-7AB557BFCE45}.Release|Any CPU.ActiveCfg = Release|Any CPU
		{7EB10158-5E1A-46BC-973E-7AB557BFCE45}.Release|Any CPU.Build.0 = Release|Any CPU
	EndGlobalSection
	GlobalSection(SolutionProperties) = preSolution
		HideSolutionNode = FALSE
	EndGlobalSection
	GlobalSection(ExtensibilityGlobals) = postSolution
		SolutionGuid = {FA688062-37A8-44FF-9505-BE67E7390799}
	EndGlobalSection
EndGlobal
